
Microsoft Visual Studio Solution File, Format Version 12.00
# Visual Studio 15
Project("{FAE04EC0-301F-11D3-BF4B-00C04F79EFBC}") = "Assembly-CSharp-firstpass", "Assembly-CSharp-firstpass.csproj", "{A99A97DC-9370-1B50-362D-AD74F259CC99}"
EndProject
Project("{FAE04EC0-301F-11D3-BF4B-00C04F79EFBC}") = "Assembly-CSharp", "Assembly-CSharp.csproj", "{3B0A158D-2195-D16C-4569-85FC380788BF}"
EndProject
Global
	GlobalSection(SolutionConfigurationPlatforms) = preSolution
		Debug|Any CPU = Debug|Any CPU
		Release|Any CPU = Release|Any CPU
	EndGlobalSection
	GlobalSection(ProjectConfigurationPlatforms) = postSolution
		{A99A97DC-9370-1B50-362D-AD74F259CC99}.Debug|Any CPU.ActiveCfg = Debug|Any CPU
		{A99A97DC-9370-1B50-362D-AD74F259CC99}.Debug|Any CPU.Build.0 = Debug|Any CPU
		{A99A97DC-9370-1B50-362D-AD74F259CC99}.Release|Any CPU.ActiveCfg = Release|Any CPU
		{A99A97DC-9370-1B50-362D-AD74F259CC99}.Release|Any CPU.Build.0 = Release|Any CPU
		{3B0A158D-2195-D16C-4569-85FC380788BF}.Debug|Any CPU.ActiveCfg = Debug|Any CPU
		{3B0A158D-2195-D16C-4569-85FC380788BF}.Debug|Any CPU.Build.0 = Debug|Any CPU
		{3B0A158D-2195-D16C-4569-85FC380788BF}.Release|Any CPU.ActiveCfg = Release|Any CPU
		{3B0A158D-2195-D16C-4569-85FC380788BF}.Release|Any CPU.Build.0 = Release|Any CPU
	EndGlobalSection
	GlobalSection(SolutionProperties) = preSolution
		HideSolutionNode = FALSE
	EndGlobalSection
EndGlobal
